# @generated by Move, please check-in and do not edit manually.

[move]
version = 3
manifest_digest = "09C526A2D80A12107E6AEF419F29A80158D02CF78EE284689B59A0C1DE075CF6"
deps_digest = "3C4103934B1E040BB6B23F1D610B4EF9F2F1166A50A104EADCF77467C004C600"
dependencies = [
  { id = "Dubhe", name = "Dubhe" },
  { id = "Sui", name = "Sui" },
]

[[move.package]]
id = "Dubhe"
source = { local = "../dubhe-framework" }

dependencies = [
  { id = "Sui", name = "Sui" },
]

[[move.package]]
id = "MoveStdlib"
source = { git = "https://github.com/MystenLabs/sui.git", rev = "mainnet-v1.38.3", subdir = "crates/sui-framework/packages/move-stdlib" }

[[move.package]]
id = "Sui"
source = { git = "https://github.com/MystenLabs/sui.git", rev = "mainnet-v1.38.3", subdir = "crates/sui-framework/packages/sui-framework" }

dependencies = [
  { id = "MoveStdlib", name = "MoveStdlib" },
]

[move.toolchain-version]
compiler-version = "1.38.3"
edition = "2024"
flavor = "sui"




[env.testnet]
chain-id = "4c78adac"
original-published-id = "0x85f95a4253621cac22ebfc27ec67b903c153e7b1bea5a2813c71fa62016746c7"
latest-published-id = "0x85f95a4253621cac22ebfc27ec67b903c153e7b1bea5a2813c71fa62016746c7"
published-version = "1"




[env.localnet]
chain-id = "8928b494"
original-published-id = "0x2fada7071645035dee19268477a92b37cce87c1eac8c459b49f2cef445e7a7fd"
latest-published-id = "0x2fada7071645035dee19268477a92b37cce87c1eac8c459b49f2cef445e7a7fd"
published-version = "1"
