# @generated by Move, please check-in and do not edit manually.

[move]
version = 3
manifest_digest = "520265C8DF5BB3EE4A0204A978C64ACCC88240F85BF125F48C210C648676AAF6"
deps_digest = "3C4103934B1E040BB6B23F1D610B4EF9F2F1166A50A104EADCF77467C004C600"
dependencies = [
  { id = "Dubhe", name = "Dubhe" },
  { id = "Sui", name = "Sui" },
]

[[move.package]]
id = "Dubhe"
source = { local = "../dubhe" }

dependencies = [
  { id = "Sui", name = "Sui" },
]

[[move.package]]
id = "MoveStdlib"
source = { git = "https://github.com/MystenLabs/sui.git", rev = "mainnet-v1.46.3", subdir = "crates/sui-framework/packages/move-stdlib" }

[[move.package]]
id = "Sui"
source = { git = "https://github.com/MystenLabs/sui.git", rev = "mainnet-v1.46.3", subdir = "crates/sui-framework/packages/sui-framework" }

dependencies = [
  { id = "MoveStdlib", name = "MoveStdlib" },
]

[move.toolchain-version]
compiler-version = "1.38.3"
edition = "2024"
flavor = "sui"




[env.testnet]
chain-id = "4c78adac"
original-published-id = "0xda4e0a5d70c009cb1d4c8d73c62564e016c9399073808d1549e2fb0aff081260"
latest-published-id = "0xda4e0a5d70c009cb1d4c8d73c62564e016c9399073808d1549e2fb0aff081260"
published-version = "1"












[env.localnet]
chain-id = "5cb7e021"
original-published-id = "0x8c759a0e22007834effe2af3f41d8d4a5f3bb794fd52ae17f250a272fb7c7e28"
latest-published-id = "0x8c759a0e22007834effe2af3f41d8d4a5f3bb794fd52ae17f250a272fb7c7e28"
published-version = "1"
